{
  "originHash" : "fbc1bb8211ec65355aa291c96ba0a71330a9c4fcee53eae40b872b73078c3a2a",
  "pins" : [
    {
      "identity" : "azcalc",
      "kind" : "remoteSourceControl",
      "location" : "https://github.com/SumPositive/AZCalc",
      "state" : {
        "revision" : "6bd67141c629e5b23c4972f0afd988731e036d3d",
        "version" : "1.2.1"
      }
    },
    {
      "identity" : "azdial",
      "kind" : "remoteSourceControl",
      "location" : "https://github.com/SumPositive/AZDial",
      "state" : {
        "revision" : "69642751c5cfc4cab17fd745c24160577d2b5092",
        "version" : "3.0.4"
      }
    }
  ],
  "version" : 3
}
